// !$*UTF8*$!
{
	archiveVersion = 1;
	classes = {
	};
	objectVersion = 46;
	objects = {

/* Begin PBXBuildFile section */
		39DA702B1E40769A00AD1F71 /* CalendarLabelLayout.swift in Sources */ = {isa = PBXBuildFile; fileRef = 39DA702A1E40769A00AD1F71 /* CalendarLabelLayout.swift */; };
		39DA702D1E407C4E00AD1F71 /* CalendarLayout.swift in Sources */ = {isa = PBXBuildFile; fileRef = 39DA702C1E407C4E00AD1F71 /* CalendarLayout.swift */; };
		3E19FE681D7590F8009F5486 /* CustomPresentationAnimationController.swift in Sources */ = {isa = PBXBuildFile; fileRef = 3E19FE671D7590F8009F5486 /* CustomPresentationAnimationController.swift */; };
		3E19FE6A1D759146009F5486 /* CustomPresentationController.swift in Sources */ = {isa = PBXBuildFile; fileRef = 3E19FE691D759146009F5486 /* CustomPresentationController.swift */; };
		3E678BB11D5A0816002B41F4 /* AddViewController.swift in Sources */ = {isa = PBXBuildFile; fileRef = 3E678BB01D5A0816002B41F4 /* AddViewController.swift */; };
		3E73763C1C733B1E00E43AC2 /* AppDelegate.swift in Sources */ = {isa = PBXBuildFile; fileRef = 3E73763B1C733B1E00E43AC2 /* AppDelegate.swift */; };
		3E7376431C733B1E00E43AC2 /* Assets.xcassets in Resources */ = {isa = PBXBuildFile; fileRef = 3E7376421C733B1E00E43AC2 /* Assets.xcassets */; };
		3E7376461C733B1E00E43AC2 /* LaunchScreen.storyboard in Resources */ = {isa = PBXBuildFile; fileRef = 3E7376441C733B1E00E43AC2 /* LaunchScreen.storyboard */; };
		3E7376511C733B1E00E43AC2 /* ThirdEverNoteTests.swift in Sources */ = {isa = PBXBuildFile; fileRef = 3E7376501C733B1E00E43AC2 /* ThirdEverNoteTests.swift */; };
		3E73765C1C733B1E00E43AC2 /* ThirdEverNoteUITests.swift in Sources */ = {isa = PBXBuildFile; fileRef = 3E73765B1C733B1E00E43AC2 /* ThirdEverNoteUITests.swift */; };
		3E73766A1C733C9000E43AC2 /* ViewController.swift in Sources */ = {isa = PBXBuildFile; fileRef = 3E73763D1C733B1E00E43AC2 /* ViewController.swift */; };
		3E7376701C7C672D00E43AC2 /* ReminderViewController.swift in Sources */ = {isa = PBXBuildFile; fileRef = 3E73766F1C7C672D00E43AC2 /* ReminderViewController.swift */; };
		3E7A40691D195CB70056BB49 /* SignUpViewController.swift in Sources */ = {isa = PBXBuildFile; fileRef = 3E7A40681D195CB70056BB49 /* SignUpViewController.swift */; };
		3E7A406B1D195CCD0056BB49 /* LoginViewController.swift in Sources */ = {isa = PBXBuildFile; fileRef = 3E7A406A1D195CCD0056BB49 /* LoginViewController.swift */; };
		3E7A406D1D19618A0056BB49 /* GlobalVariable.swift in Sources */ = {isa = PBXBuildFile; fileRef = 3E7A406C1D19618A0056BB49 /* GlobalVariable.swift */; };
		3E872E961DBF6CB90086CEA3 /* Main.storyboard in Resources */ = {isa = PBXBuildFile; fileRef = 3E73763F1C733B1E00E43AC2 /* Main.storyboard */; };
		3E9137CE1D9147C8005AD176 /* TodoTableCell.swift in Sources */ = {isa = PBXBuildFile; fileRef = 3E9137CC1D9147C8005AD176 /* TodoTableCell.swift */; };
		3E9137CF1D9147C8005AD176 /* TodoTableCell.xib in Resources */ = {isa = PBXBuildFile; fileRef = 3E9137CD1D9147C8005AD176 /* TodoTableCell.xib */; };
		3E91BF961E2502FA00864D60 /* Schedule.swift in Sources */ = {isa = PBXBuildFile; fileRef = 3E91BF951E2502FA00864D60 /* Schedule.swift */; };
		3EC5B21E1D228A07002CB0A9 /* TextFieldDelegate.swift in Sources */ = {isa = PBXBuildFile; fileRef = 3EC5B21D1D228A07002CB0A9 /* TextFieldDelegate.swift */; };
		3EC98EAB1C8A590A0082C969 /* check.png in Resources */ = {isa = PBXBuildFile; fileRef = 3EC98EA91C8A590A0082C969 /* check.png */; };
		3EC98EAC1C8A590A0082C969 /* 矢印.png in Resources */ = {isa = PBXBuildFile; fileRef = 3EC98EAA1C8A590A0082C969 /* 矢印.png */; };
		3EF80B451D1951C500D829A8 /* ToDoes.swift in Sources */ = {isa = PBXBuildFile; fileRef = 3EF80B441D1951C500D829A8 /* ToDoes.swift */; };
		964ED434C003B66F91613324 /* Pods_ThirdEverNote.framework in Frameworks */ = {isa = PBXBuildFile; fileRef = D153242234F072660202964F /* Pods_ThirdEverNote.framework */; };
		A719B2F4EA32B6CD5C41C735 /* Pods_ThirdEverNoteUITests.framework in Frameworks */ = {isa = PBXBuildFile; fileRef = 3A110665EE0E4EAB5EC7383A /* Pods_ThirdEverNoteUITests.framework */; };
		C347B231BA5C0D834495D8BD /* Pods_ThirdEverNoteTests.framework in Frameworks */ = {isa = PBXBuildFile; fileRef = 9D5B7E53C9CEF73EE7262F9A /* Pods_ThirdEverNoteTests.framework */; };
/* End PBXBuildFile section */

/* Begin PBXContainerItemProxy section */
		3E73764D1C733B1E00E43AC2 /* PBXContainerItemProxy */ = {
			isa = PBXContainerItemProxy;
			containerPortal = 3E7376301C733B1E00E43AC2 /* Project object */;
			proxyType = 1;
			remoteGlobalIDString = 3E7376371C733B1E00E43AC2;
			remoteInfo = ThirdEverNote;
		};
		3E7376581C733B1E00E43AC2 /* PBXContainerItemProxy */ = {
			isa = PBXContainerItemProxy;
			containerPortal = 3E7376301C733B1E00E43AC2 /* Project object */;
			proxyType = 1;
			remoteGlobalIDString = 3E7376371C733B1E00E43AC2;
			remoteInfo = ThirdEverNote;
		};
/* End PBXContainerItemProxy section */

/* Begin PBXFileReference section */
		39DA702A1E40769A00AD1F71 /* CalendarLabelLayout.swift */ = {isa = PBXFileReference; fileEncoding = 4; lastKnownFileType = sourcecode.swift; path = CalendarLabelLayout.swift; sourceTree = "<group>"; };
		39DA702C1E407C4E00AD1F71 /* CalendarLayout.swift */ = {isa = PBXFileReference; fileEncoding = 4; lastKnownFileType = sourcecode.swift; path = CalendarLayout.swift; sourceTree = "<group>"; };
		3A110665EE0E4EAB5EC7383A /* Pods_ThirdEverNoteUITests.framework */ = {isa = PBXFileReference; explicitFileType = wrapper.framework; includeInIndex = 0; path = Pods_ThirdEverNoteUITests.framework; sourceTree = BUILT_PRODUCTS_DIR; };
		3E19FE671D7590F8009F5486 /* CustomPresentationAnimationController.swift */ = {isa = PBXFileReference; fileEncoding = 4; lastKnownFileType = sourcecode.swift; path = CustomPresentationAnimationController.swift; sourceTree = "<group>"; };
		3E19FE691D759146009F5486 /* CustomPresentationController.swift */ = {isa = PBXFileReference; fileEncoding = 4; lastKnownFileType = sourcecode.swift; path = CustomPresentationController.swift; sourceTree = "<group>"; };
		3E678BB01D5A0816002B41F4 /* AddViewController.swift */ = {isa = PBXFileReference; fileEncoding = 4; lastKnownFileType = sourcecode.swift; path = AddViewController.swift; sourceTree = "<group>"; };
		3E7376381C733B1E00E43AC2 /* ThirdEverNote.app */ = {isa = PBXFileReference; explicitFileType = wrapper.application; includeInIndex = 0; path = ThirdEverNote.app; sourceTree = BUILT_PRODUCTS_DIR; };
		3E73763B1C733B1E00E43AC2 /* AppDelegate.swift */ = {isa = PBXFileReference; lastKnownFileType = sourcecode.swift; path = AppDelegate.swift; sourceTree = "<group>"; };
		3E73763D1C733B1E00E43AC2 /* ViewController.swift */ = {isa = PBXFileReference; lastKnownFileType = sourcecode.swift; path = ViewController.swift; sourceTree = "<group>"; };
		3E7376401C733B1E00E43AC2 /* Base */ = {isa = PBXFileReference; lastKnownFileType = file.storyboard; name = Base; path = Base.lproj/Main.storyboard; sourceTree = "<group>"; };
		3E7376421C733B1E00E43AC2 /* Assets.xcassets */ = {isa = PBXFileReference; lastKnownFileType = folder.assetcatalog; path = Assets.xcassets; sourceTree = "<group>"; };
		3E7376451C733B1E00E43AC2 /* Base */ = {isa = PBXFileReference; lastKnownFileType = file.storyboard; name = Base; path = Base.lproj/LaunchScreen.storyboard; sourceTree = "<group>"; };
		3E7376471C733B1E00E43AC2 /* Info.plist */ = {isa = PBXFileReference; lastKnownFileType = text.plist.xml; path = Info.plist; sourceTree = "<group>"; };
		3E73764C1C733B1E00E43AC2 /* ThirdEverNoteTests.xctest */ = {isa = PBXFileReference; explicitFileType = wrapper.cfbundle; includeInIndex = 0; path = ThirdEverNoteTests.xctest; sourceTree = BUILT_PRODUCTS_DIR; };
		3E7376501C733B1E00E43AC2 /* ThirdEverNoteTests.swift */ = {isa = PBXFileReference; lastKnownFileType = sourcecode.swift; path = ThirdEverNoteTests.swift; sourceTree = "<group>"; };
		3E7376521C733B1E00E43AC2 /* Info.plist */ = {isa = PBXFileReference; lastKnownFileType = text.plist.xml; path = Info.plist; sourceTree = "<group>"; };
		3E7376571C733B1E00E43AC2 /* ThirdEverNoteUITests.xctest */ = {isa = PBXFileReference; explicitFileType = wrapper.cfbundle; includeInIndex = 0; path = ThirdEverNoteUITests.xctest; sourceTree = BUILT_PRODUCTS_DIR; };
		3E73765B1C733B1E00E43AC2 /* ThirdEverNoteUITests.swift */ = {isa = PBXFileReference; lastKnownFileType = sourcecode.swift; path = ThirdEverNoteUITests.swift; sourceTree = "<group>"; };
		3E73765D1C733B1E00E43AC2 /* Info.plist */ = {isa = PBXFileReference; lastKnownFileType = text.plist.xml; path = Info.plist; sourceTree = "<group>"; };
		3E73766F1C7C672D00E43AC2 /* ReminderViewController.swift */ = {isa = PBXFileReference; fileEncoding = 4; lastKnownFileType = sourcecode.swift; path = ReminderViewController.swift; sourceTree = "<group>"; };
		3E7A40681D195CB70056BB49 /* SignUpViewController.swift */ = {isa = PBXFileReference; fileEncoding = 4; lastKnownFileType = sourcecode.swift; path = SignUpViewController.swift; sourceTree = "<group>"; };
		3E7A406A1D195CCD0056BB49 /* LoginViewController.swift */ = {isa = PBXFileReference; fileEncoding = 4; lastKnownFileType = sourcecode.swift; path = LoginViewController.swift; sourceTree = "<group>"; };
		3E7A406C1D19618A0056BB49 /* GlobalVariable.swift */ = {isa = PBXFileReference; fileEncoding = 4; lastKnownFileType = sourcecode.swift; path = GlobalVariable.swift; sourceTree = "<group>"; };
		3E9137CC1D9147C8005AD176 /* TodoTableCell.swift */ = {isa = PBXFileReference; fileEncoding = 4; lastKnownFileType = sourcecode.swift; path = TodoTableCell.swift; sourceTree = "<group>"; };
		3E9137CD1D9147C8005AD176 /* TodoTableCell.xib */ = {isa = PBXFileReference; fileEncoding = 4; lastKnownFileType = file.xib; path = TodoTableCell.xib; sourceTree = "<group>"; };
		3E91BF951E2502FA00864D60 /* Schedule.swift */ = {isa = PBXFileReference; fileEncoding = 4; lastKnownFileType = sourcecode.swift; path = Schedule.swift; sourceTree = "<group>"; };
		3EC5B21D1D228A07002CB0A9 /* TextFieldDelegate.swift */ = {isa = PBXFileReference; fileEncoding = 4; lastKnownFileType = sourcecode.swift; path = TextFieldDelegate.swift; sourceTree = "<group>"; };
		3EC98EA91C8A590A0082C969 /* check.png */ = {isa = PBXFileReference; lastKnownFileType = image.png; name = check.png; path = ../check.png; sourceTree = "<group>"; };
		3EC98EAA1C8A590A0082C969 /* 矢印.png */ = {isa = PBXFileReference; lastKnownFileType = image.png; name = "矢印.png"; path = "../矢印.png"; sourceTree = "<group>"; };
		3EF80B441D1951C500D829A8 /* ToDoes.swift */ = {isa = PBXFileReference; fileEncoding = 4; lastKnownFileType = sourcecode.swift; path = ToDoes.swift; sourceTree = "<group>"; };
		5492BAF64A4D1C1AA7D52D21 /* Pods-ThirdEverNoteTests.release.xcconfig */ = {isa = PBXFileReference; includeInIndex = 1; lastKnownFileType = text.xcconfig; name = "Pods-ThirdEverNoteTests.release.xcconfig"; path = "Pods/Target Support Files/Pods-ThirdEverNoteTests/Pods-ThirdEverNoteTests.release.xcconfig"; sourceTree = "<group>"; };
		5C114E1BE9BA6BBE72FD785F /* Pods-ThirdEverNoteTests.debug.xcconfig */ = {isa = PBXFileReference; includeInIndex = 1; lastKnownFileType = text.xcconfig; name = "Pods-ThirdEverNoteTests.debug.xcconfig"; path = "Pods/Target Support Files/Pods-ThirdEverNoteTests/Pods-ThirdEverNoteTests.debug.xcconfig"; sourceTree = "<group>"; };
		7DBDCF4F78FEA05501ED4314 /* Pods-ThirdEverNote.debug.xcconfig */ = {isa = PBXFileReference; includeInIndex = 1; lastKnownFileType = text.xcconfig; name = "Pods-ThirdEverNote.debug.xcconfig"; path = "Pods/Target Support Files/Pods-ThirdEverNote/Pods-ThirdEverNote.debug.xcconfig"; sourceTree = "<group>"; };
		9D5B7E53C9CEF73EE7262F9A /* Pods_ThirdEverNoteTests.framework */ = {isa = PBXFileReference; explicitFileType = wrapper.framework; includeInIndex = 0; path = Pods_ThirdEverNoteTests.framework; sourceTree = BUILT_PRODUCTS_DIR; };
		C1FD1CB46919BBCCB30485D7 /* Pods-ThirdEverNoteUITests.release.xcconfig */ = {isa = PBXFileReference; includeInIndex = 1; lastKnownFileType = text.xcconfig; name = "Pods-ThirdEverNoteUITests.release.xcconfig"; path = "Pods/Target Support Files/Pods-ThirdEverNoteUITests/Pods-ThirdEverNoteUITests.release.xcconfig"; sourceTree = "<group>"; };
		C7ED95A37E14EF520467DAEA /* Pods-ThirdEverNote.release.xcconfig */ = {isa = PBXFileReference; includeInIndex = 1; lastKnownFileType = text.xcconfig; name = "Pods-ThirdEverNote.release.xcconfig"; path = "Pods/Target Support Files/Pods-ThirdEverNote/Pods-ThirdEverNote.release.xcconfig"; sourceTree = "<group>"; };
		D153242234F072660202964F /* Pods_ThirdEverNote.framework */ = {isa = PBXFileReference; explicitFileType = wrapper.framework; includeInIndex = 0; path = Pods_ThirdEverNote.framework; sourceTree = BUILT_PRODUCTS_DIR; };
		E5C56A975E8D72A86441FB23 /* Pods-ThirdEverNoteUITests.debug.xcconfig */ = {isa = PBXFileReference; includeInIndex = 1; lastKnownFileType = text.xcconfig; name = "Pods-ThirdEverNoteUITests.debug.xcconfig"; path = "Pods/Target Support Files/Pods-ThirdEverNoteUITests/Pods-ThirdEverNoteUITests.debug.xcconfig"; sourceTree = "<group>"; };
/* End PBXFileReference section */

/* Begin PBXFrameworksBuildPhase section */
		3E7376351C733B1E00E43AC2 /* Frameworks */ = {
			isa = PBXFrameworksBuildPhase;
			buildActionMask = 2147483647;
			files = (
				964ED434C003B66F91613324 /* Pods_ThirdEverNote.framework in Frameworks */,
			);
			runOnlyForDeploymentPostprocessing = 0;
		};
		3E7376491C733B1E00E43AC2 /* Frameworks */ = {
			isa = PBXFrameworksBuildPhase;
			buildActionMask = 2147483647;
			files = (
				C347B231BA5C0D834495D8BD /* Pods_ThirdEverNoteTests.framework in Frameworks */,
			);
			runOnlyForDeploymentPostprocessing = 0;
		};
		3E7376541C733B1E00E43AC2 /* Frameworks */ = {
			isa = PBXFrameworksBuildPhase;
			buildActionMask = 2147483647;
			files = (
				A719B2F4EA32B6CD5C41C735 /* Pods_ThirdEverNoteUITests.framework in Frameworks */,
			);
			runOnlyForDeploymentPostprocessing = 0;
		};
/* End PBXFrameworksBuildPhase section */

/* Begin PBXGroup section */
		014028A0C3F5E6233456B8C5 /* Pods */ = {
			isa = PBXGroup;
			children = (
				7DBDCF4F78FEA05501ED4314 /* Pods-ThirdEverNote.debug.xcconfig */,
				C7ED95A37E14EF520467DAEA /* Pods-ThirdEverNote.release.xcconfig */,
				5C114E1BE9BA6BBE72FD785F /* Pods-ThirdEverNoteTests.debug.xcconfig */,
				5492BAF64A4D1C1AA7D52D21 /* Pods-ThirdEverNoteTests.release.xcconfig */,
				E5C56A975E8D72A86441FB23 /* Pods-ThirdEverNoteUITests.debug.xcconfig */,
				C1FD1CB46919BBCCB30485D7 /* Pods-ThirdEverNoteUITests.release.xcconfig */,
			);
			name = Pods;
			sourceTree = "<group>";
		};
		3E73762F1C733B1E00E43AC2 = {
			isa = PBXGroup;
			children = (
				3E73763A1C733B1E00E43AC2 /* ThirdEverNote */,
				3E73764F1C733B1E00E43AC2 /* ThirdEverNoteTests */,
				3E73765A1C733B1E00E43AC2 /* ThirdEverNoteUITests */,
				3E7376391C733B1E00E43AC2 /* Products */,
				014028A0C3F5E6233456B8C5 /* Pods */,
				8B198167ED3C75DF872DE25D /* Frameworks */,
			);
			sourceTree = "<group>";
		};
		3E7376391C733B1E00E43AC2 /* Products */ = {
			isa = PBXGroup;
			children = (
				3E7376381C733B1E00E43AC2 /* ThirdEverNote.app */,
				3E73764C1C733B1E00E43AC2 /* ThirdEverNoteTests.xctest */,
				3E7376571C733B1E00E43AC2 /* ThirdEverNoteUITests.xctest */,
			);
			name = Products;
			sourceTree = "<group>";
		};
		3E73763A1C733B1E00E43AC2 /* ThirdEverNote */ = {
			isa = PBXGroup;
			children = (
				3EC98EAA1C8A590A0082C969 /* 矢印.png */,
				3EC98EA91C8A590A0082C969 /* check.png */,
				3E73763B1C733B1E00E43AC2 /* AppDelegate.swift */,
				3E73763D1C733B1E00E43AC2 /* ViewController.swift */,
				3E73766F1C7C672D00E43AC2 /* ReminderViewController.swift */,
				3E7A40681D195CB70056BB49 /* SignUpViewController.swift */,
				3E7A406A1D195CCD0056BB49 /* LoginViewController.swift */,
				3E678BB01D5A0816002B41F4 /* AddViewController.swift */,
				3EF80B441D1951C500D829A8 /* ToDoes.swift */,
				3E91BF951E2502FA00864D60 /* Schedule.swift */,
				3E7A406C1D19618A0056BB49 /* GlobalVariable.swift */,
				3E19FE671D7590F8009F5486 /* CustomPresentationAnimationController.swift */,
				3E19FE691D759146009F5486 /* CustomPresentationController.swift */,
				3E73763F1C733B1E00E43AC2 /* Main.storyboard */,
				3E9137CC1D9147C8005AD176 /* TodoTableCell.swift */,
				3E9137CD1D9147C8005AD176 /* TodoTableCell.xib */,
				3EC5B21D1D228A07002CB0A9 /* TextFieldDelegate.swift */,
				3E7376421C733B1E00E43AC2 /* Assets.xcassets */,
				3E7376441C733B1E00E43AC2 /* LaunchScreen.storyboard */,
				3E7376471C733B1E00E43AC2 /* Info.plist */,
				39DA702A1E40769A00AD1F71 /* CalendarLabelLayout.swift */,
				39DA702C1E407C4E00AD1F71 /* CalendarLayout.swift */,
			);
			path = ThirdEverNote;
			sourceTree = "<group>";
		};
		3E73764F1C733B1E00E43AC2 /* ThirdEverNoteTests */ = {
			isa = PBXGroup;
			children = (
				3E7376501C733B1E00E43AC2 /* ThirdEverNoteTests.swift */,
				3E7376521C733B1E00E43AC2 /* Info.plist */,
			);
			path = ThirdEverNoteTests;
			sourceTree = SOURCE_ROOT;
		};
		3E73765A1C733B1E00E43AC2 /* ThirdEverNoteUITests */ = {
			isa = PBXGroup;
			children = (
				3E73765B1C733B1E00E43AC2 /* ThirdEverNoteUITests.swift */,
				3E73765D1C733B1E00E43AC2 /* Info.plist */,
			);
			path = ThirdEverNoteUITests;
			sourceTree = "<group>";
		};
		8B198167ED3C75DF872DE25D /* Frameworks */ = {
			isa = PBXGroup;
			children = (
				D153242234F072660202964F /* Pods_ThirdEverNote.framework */,
				9D5B7E53C9CEF73EE7262F9A /* Pods_ThirdEverNoteTests.framework */,
				3A110665EE0E4EAB5EC7383A /* Pods_ThirdEverNoteUITests.framework */,
			);
			name = Frameworks;
			sourceTree = "<group>";
		};
/* End PBXGroup section */

/* Begin PBXNativeTarget section */
		3E7376371C733B1E00E43AC2 /* ThirdEverNote */ = {
			isa = PBXNativeTarget;
			buildConfigurationList = 3E7376601C733B1E00E43AC2 /* Build configuration list for PBXNativeTarget "ThirdEverNote" */;
			buildPhases = (
				657013195809D994ED5BC9E6 /* [CP] Check Pods Manifest.lock */,
				3E7376341C733B1E00E43AC2 /* Sources */,
				3E7376351C733B1E00E43AC2 /* Frameworks */,
				3E7376361C733B1E00E43AC2 /* Resources */,
				18AF8E9F40E2F34C6C4F013C /* [CP] Embed Pods Frameworks */,
				690268652F695916A7201AA9 /* [CP] Copy Pods Resources */,
			);
			buildRules = (
			);
			dependencies = (
			);
			name = ThirdEverNote;
			productName = ThirdEverNote;
			productReference = 3E7376381C733B1E00E43AC2 /* ThirdEverNote.app */;
			productType = "com.apple.product-type.application";
		};
		3E73764B1C733B1E00E43AC2 /* ThirdEverNoteTests */ = {
			isa = PBXNativeTarget;
			buildConfigurationList = 3E7376631C733B1E00E43AC2 /* Build configuration list for PBXNativeTarget "ThirdEverNoteTests" */;
			buildPhases = (
				BA28453D806C031740C1D051 /* [CP] Check Pods Manifest.lock */,
				3E7376481C733B1E00E43AC2 /* Sources */,
				3E7376491C733B1E00E43AC2 /* Frameworks */,
				3E73764A1C733B1E00E43AC2 /* Resources */,
				E1668D2DD9D71F68061B68C4 /* [CP] Embed Pods Frameworks */,
				BEEDC9C23C68A9F393C12238 /* [CP] Copy Pods Resources */,
			);
			buildRules = (
			);
			dependencies = (
				3E73764E1C733B1E00E43AC2 /* PBXTargetDependency */,
			);
			name = ThirdEverNoteTests;
			productName = ThirdEverNoteTests;
			productReference = 3E73764C1C733B1E00E43AC2 /* ThirdEverNoteTests.xctest */;
			productType = "com.apple.product-type.bundle.unit-test";
		};
		3E7376561C733B1E00E43AC2 /* ThirdEverNoteUITests */ = {
			isa = PBXNativeTarget;
			buildConfigurationList = 3E7376661C733B1E00E43AC2 /* Build configuration list for PBXNativeTarget "ThirdEverNoteUITests" */;
			buildPhases = (
				EFB23A3A2B3BDFA742E534DF /* [CP] Check Pods Manifest.lock */,
				3E7376531C733B1E00E43AC2 /* Sources */,
				3E7376541C733B1E00E43AC2 /* Frameworks */,
				3E7376551C733B1E00E43AC2 /* Resources */,
				0DDEFA3CA45207B7EECE7BF2 /* [CP] Copy Pods Resources */,
			);
			buildRules = (
			);
			dependencies = (
				3E7376591C733B1E00E43AC2 /* PBXTargetDependency */,
			);
			name = ThirdEverNoteUITests;
			productName = ThirdEverNoteUITests;
			productReference = 3E7376571C733B1E00E43AC2 /* ThirdEverNoteUITests.xctest */;
			productType = "com.apple.product-type.bundle.ui-testing";
		};
/* End PBXNativeTarget section */

/* Begin PBXProject section */
		3E7376301C733B1E00E43AC2 /* Project object */ = {
			isa = PBXProject;
			attributes = {
				LastSwiftUpdateCheck = 0720;
				LastUpgradeCheck = 0800;
				ORGANIZATIONNAME = "makka misako";
				TargetAttributes = {
					3E7376371C733B1E00E43AC2 = {
						CreatedOnToolsVersion = 7.2.1;
						DevelopmentTeam = 94F47UQTB6;
					};
					3E73764B1C733B1E00E43AC2 = {
						CreatedOnToolsVersion = 7.2.1;
						DevelopmentTeam = 94F47UQTB6;
						TestTargetID = 3E7376371C733B1E00E43AC2;
					};
					3E7376561C733B1E00E43AC2 = {
						CreatedOnToolsVersion = 7.2.1;
						DevelopmentTeam = 94F47UQTB6;
						TestTargetID = 3E7376371C733B1E00E43AC2;
					};
				};
			};
			buildConfigurationList = 3E7376331C733B1E00E43AC2 /* Build configuration list for PBXProject "ThirdEverNote" */;
			compatibilityVersion = "Xcode 3.2";
			developmentRegion = English;
			hasScannedForEncodings = 0;
			knownRegions = (
				en,
				Base,
			);
			mainGroup = 3E73762F1C733B1E00E43AC2;
			productRefGroup = 3E7376391C733B1E00E43AC2 /* Products */;
			projectDirPath = "";
			projectRoot = "";
			targets = (
				3E7376371C733B1E00E43AC2 /* ThirdEverNote */,
				3E73764B1C733B1E00E43AC2 /* ThirdEverNoteTests */,
				3E7376561C733B1E00E43AC2 /* ThirdEverNoteUITests */,
			);
		};
/* End PBXProject section */

/* Begin PBXResourcesBuildPhase section */
		3E7376361C733B1E00E43AC2 /* Resources */ = {
			isa = PBXResourcesBuildPhase;
			buildActionMask = 2147483647;
			files = (
				3E872E961DBF6CB90086CEA3 /* Main.storyboard in Resources */,
				3EC98EAC1C8A590A0082C969 /* 矢印.png in Resources */,
				3E7376461C733B1E00E43AC2 /* LaunchScreen.storyboard in Resources */,
				3E9137CF1D9147C8005AD176 /* TodoTableCell.xib in Resources */,
				3E7376431C733B1E00E43AC2 /* Assets.xcassets in Resources */,
				3EC98EAB1C8A590A0082C969 /* check.png in Resources */,
			);
			runOnlyForDeploymentPostprocessing = 0;
		};
		3E73764A1C733B1E00E43AC2 /* Resources */ = {
			isa = PBXResourcesBuildPhase;
			buildActionMask = 2147483647;
			files = (
			);
			runOnlyForDeploymentPostprocessing = 0;
		};
		3E7376551C733B1E00E43AC2 /* Resources */ = {
			isa = PBXResourcesBuildPhase;
			buildActionMask = 2147483647;
			files = (
			);
			runOnlyForDeploymentPostprocessing = 0;
		};
/* End PBXResourcesBuildPhase section */

/* Begin PBXShellScriptBuildPhase section */
		0DDEFA3CA45207B7EECE7BF2 /* [CP] Copy Pods Resources */ = {
			isa = PBXShellScriptBuildPhase;
			buildActionMask = 2147483647;
			files = (
			);
			inputPaths = (
			);
			name = "[CP] Copy Pods Resources";
			outputPaths = (
			);
			runOnlyForDeploymentPostprocessing = 0;
			shellPath = /bin/sh;
			shellScript = "\"${SRCROOT}/Pods/Target Support Files/Pods-ThirdEverNoteUITests/Pods-ThirdEverNoteUITests-resources.sh\"\n";
			showEnvVarsInLog = 0;
		};
		18AF8E9F40E2F34C6C4F013C /* [CP] Embed Pods Frameworks */ = {
			isa = PBXShellScriptBuildPhase;
			buildActionMask = 2147483647;
			files = (
			);
			inputPaths = (
			);
			name = "[CP] Embed Pods Frameworks";
			outputPaths = (
			);
			runOnlyForDeploymentPostprocessing = 0;
			shellPath = /bin/sh;
			shellScript = "\"${SRCROOT}/Pods/Target Support Files/Pods-ThirdEverNote/Pods-ThirdEverNote-frameworks.sh\"\n";
			showEnvVarsInLog = 0;
		};
		657013195809D994ED5BC9E6 /* [CP] Check Pods Manifest.lock */ = {
			isa = PBXShellScriptBuildPhase;
			buildActionMask = 2147483647;
			files = (
			);
			inputPaths = (
			);
			name = "[CP] Check Pods Manifest.lock";
			outputPaths = (
			);
			runOnlyForDeploymentPostprocessing = 0;
			shellPath = /bin/sh;
			shellScript = "diff \"${PODS_ROOT}/../Podfile.lock\" \"${PODS_ROOT}/Manifest.lock\" > /dev/null\nif [[ $? != 0 ]] ; then\n    cat << EOM\nerror: The sandbox is not in sync with the Podfile.lock. Run 'pod install' or update your CocoaPods installation.\nEOM\n    exit 1\nfi\n";
			showEnvVarsInLog = 0;
		};
		690268652F695916A7201AA9 /* [CP] Copy Pods Resources */ = {
			isa = PBXShellScriptBuildPhase;
			buildActionMask = 2147483647;
			files = (
			);
			inputPaths = (
			);
			name = "[CP] Copy Pods Resources";
			outputPaths = (
			);
			runOnlyForDeploymentPostprocessing = 0;
			shellPath = /bin/sh;
			shellScript = "\"${SRCROOT}/Pods/Target Support Files/Pods-ThirdEverNote/Pods-ThirdEverNote-resources.sh\"\n";
			showEnvVarsInLog = 0;
		};
		BA28453D806C031740C1D051 /* [CP] Check Pods Manifest.lock */ = {
			isa = PBXShellScriptBuildPhase;
			buildActionMask = 2147483647;
			files = (
			);
			inputPaths = (
			);
			name = "[CP] Check Pods Manifest.lock";
			outputPaths = (
			);
			runOnlyForDeploymentPostprocessing = 0;
			shellPath = /bin/sh;
			shellScript = "diff \"${PODS_ROOT}/../Podfile.lock\" \"${PODS_ROOT}/Manifest.lock\" > /dev/null\nif [[ $? != 0 ]] ; then\n    cat << EOM\nerror: The sandbox is not in sync with the Podfile.lock. Run 'pod install' or update your CocoaPods installation.\nEOM\n    exit 1\nfi\n";
			showEnvVarsInLog = 0;
		};
		BEEDC9C23C68A9F393C12238 /* [CP] Copy Pods Resources */ = {
			isa = PBXShellScriptBuildPhase;
			buildActionMask = 2147483647;
			files = (
			);
			inputPaths = (
			);
			name = "[CP] Copy Pods Resources";
			outputPaths = (
			);
			runOnlyForDeploymentPostprocessing = 0;
			shellPath = /bin/sh;
			shellScript = "\"${SRCROOT}/Pods/Target Support Files/Pods-ThirdEverNoteTests/Pods-ThirdEverNoteTests-resources.sh\"\n";
			showEnvVarsInLog = 0;
		};
		E1668D2DD9D71F68061B68C4 /* [CP] Embed Pods Frameworks */ = {
			isa = PBXShellScriptBuildPhase;
			buildActionMask = 2147483647;
			files = (
			);
			inputPaths = (
			);
			name = "[CP] Embed Pods Frameworks";
			outputPaths = (
			);
			runOnlyForDeploymentPostprocessing = 0;
			shellPath = /bin/sh;
			shellScript = "\"${SRCROOT}/Pods/Target Support Files/Pods-ThirdEverNoteTests/Pods-ThirdEverNoteTests-frameworks.sh\"\n";
			showEnvVarsInLog = 0;
		};
		EFB23A3A2B3BDFA742E534DF /* [CP] Check Pods Manifest.lock */ = {
			isa = PBXShellScriptBuildPhase;
			buildActionMask = 2147483647;
			files = (
			);
			inputPaths = (
			);
			name = "[CP] Check Pods Manifest.lock";
			outputPaths = (
			);
			runOnlyForDeploymentPostprocessing = 0;
			shellPath = /bin/sh;
			shellScript = "diff \"${PODS_ROOT}/../Podfile.lock\" \"${PODS_ROOT}/Manifest.lock\" > /dev/null\nif [[ $? != 0 ]] ; then\n    cat << EOM\nerror: The sandbox is not in sync with the Podfile.lock. Run 'pod install' or update your CocoaPods installation.\nEOM\n    exit 1\nfi\n";
			showEnvVarsInLog = 0;
		};
/* End PBXShellScriptBuildPhase section */

/* Begin PBXSourcesBuildPhase section */
		3E7376341C733B1E00E43AC2 /* Sources */ = {
			isa = PBXSourcesBuildPhase;
			buildActionMask = 2147483647;
			files = (
				3E7A406D1D19618A0056BB49 /* GlobalVariable.swift in Sources */,
				39DA702B1E40769A00AD1F71 /* CalendarLabelLayout.swift in Sources */,
				3E7A406B1D195CCD0056BB49 /* LoginViewController.swift in Sources */,
				3E19FE6A1D759146009F5486 /* CustomPresentationController.swift in Sources */,
				3E678BB11D5A0816002B41F4 /* AddViewController.swift in Sources */,
				3E19FE681D7590F8009F5486 /* CustomPresentationAnimationController.swift in Sources */,
				3E73766A1C733C9000E43AC2 /* ViewController.swift in Sources */,
				3EF80B451D1951C500D829A8 /* ToDoes.swift in Sources */,
				3E73763C1C733B1E00E43AC2 /* AppDelegate.swift in Sources */,
				3E9137CE1D9147C8005AD176 /* TodoTableCell.swift in Sources */,
				3E7376701C7C672D00E43AC2 /* ReminderViewController.swift in Sources */,
				3EC5B21E1D228A07002CB0A9 /* TextFieldDelegate.swift in Sources */,
				3E91BF961E2502FA00864D60 /* Schedule.swift in Sources */,
				39DA702D1E407C4E00AD1F71 /* CalendarLayout.swift in Sources */,
				3E7A40691D195CB70056BB49 /* SignUpViewController.swift in Sources */,
			);
			runOnlyForDeploymentPostprocessing = 0;
		};
		3E7376481C733B1E00E43AC2 /* Sources */ = {
			isa = PBXSourcesBuildPhase;
			buildActionMask = 2147483647;
			files = (
				3E7376511C733B1E00E43AC2 /* ThirdEverNoteTests.swift in Sources */,
			);
			runOnlyForDeploymentPostprocessing = 0;
		};
		3E7376531C733B1E00E43AC2 /* Sources */ = {
			isa = PBXSourcesBuildPhase;
			buildActionMask = 2147483647;
			files = (
				3E73765C1C733B1E00E43AC2 /* ThirdEverNoteUITests.swift in Sources */,
			);
			runOnlyForDeploymentPostprocessing = 0;
		};
/* End PBXSourcesBuildPhase section */

/* Begin PBXTargetDependency section */
		3E73764E1C733B1E00E43AC2 /* PBXTargetDependency */ = {
			isa = PBXTargetDependency;
			target = 3E7376371C733B1E00E43AC2 /* ThirdEverNote */;
			targetProxy = 3E73764D1C733B1E00E43AC2 /* PBXContainerItemProxy */;
		};
		3E7376591C733B1E00E43AC2 /* PBXTargetDependency */ = {
			isa = PBXTargetDependency;
			target = 3E7376371C733B1E00E43AC2 /* ThirdEverNote */;
			targetProxy = 3E7376581C733B1E00E43AC2 /* PBXContainerItemProxy */;
		};
/* End PBXTargetDependency section */

/* Begin PBXVariantGroup section */
		3E73763F1C733B1E00E43AC2 /* Main.storyboard */ = {
			isa = PBXVariantGroup;
			children = (
				3E7376401C733B1E00E43AC2 /* Base */,
			);
			name = Main.storyboard;
			sourceTree = "<group>";
		};
		3E7376441C733B1E00E43AC2 /* LaunchScreen.storyboard */ = {
			isa = PBXVariantGroup;
			children = (
				3E7376451C733B1E00E43AC2 /* Base */,
			);
			name = LaunchScreen.storyboard;
			sourceTree = "<group>";
		};
/* End PBXVariantGroup section */

/* Begin XCBuildConfiguration section */
		3E73765E1C733B1E00E43AC2 /* Debug */ = {
			isa = XCBuildConfiguration;
			buildSettings = {
				ALWAYS_SEARCH_USER_PATHS = NO;
				CLANG_CXX_LANGUAGE_STANDARD = "gnu++0x";
				CLANG_CXX_LIBRARY = "libc++";
				CLANG_ENABLE_MODULES = YES;
				CLANG_ENABLE_OBJC_ARC = YES;
				CLANG_WARN_BOOL_CONVERSION = YES;
				CLANG_WARN_CONSTANT_CONVERSION = YES;
				CLANG_WARN_DIRECT_OBJC_ISA_USAGE = YES_ERROR;
				CLANG_WARN_EMPTY_BODY = YES;
				CLANG_WARN_ENUM_CONVERSION = YES;
				CLANG_WARN_INFINITE_RECURSION = YES;
				CLANG_WARN_INT_CONVERSION = YES;
				CLANG_WARN_OBJC_ROOT_CLASS = YES_ERROR;
				CLANG_WARN_SUSPICIOUS_MOVE = YES;
				CLANG_WARN_UNREACHABLE_CODE = YES;
				CLANG_WARN__DUPLICATE_METHOD_MATCH = YES;
				"CODE_SIGN_IDENTITY[sdk=iphoneos*]" = "iPhone Developer";
				COPY_PHASE_STRIP = NO;
				DEBUG_INFORMATION_FORMAT = dwarf;
				ENABLE_STRICT_OBJC_MSGSEND = YES;
				ENABLE_TESTABILITY = YES;
				GCC_C_LANGUAGE_STANDARD = gnu99;
				GCC_DYNAMIC_NO_PIC = NO;
				GCC_NO_COMMON_BLOCKS = YES;
				GCC_OPTIMIZATION_LEVEL = 0;
				GCC_PREPROCESSOR_DEFINITIONS = (
					"DEBUG=1",
					"$(inherited)",
				);
				GCC_WARN_64_TO_32_BIT_CONVERSION = YES;
				GCC_WARN_ABOUT_RETURN_TYPE = YES_ERROR;
				GCC_WARN_UNDECLARED_SELECTOR = YES;
				GCC_WARN_UNINITIALIZED_AUTOS = YES_AGGRESSIVE;
				GCC_WARN_UNUSED_FUNCTION = YES;
				GCC_WARN_UNUSED_VARIABLE = YES;
				IPHONEOS_DEPLOYMENT_TARGET = 9.2;
				MTL_ENABLE_DEBUG_INFO = YES;
				ONLY_ACTIVE_ARCH = YES;
				SDKROOT = iphoneos;
				SWIFT_OPTIMIZATION_LEVEL = "-Onone";
				SWIFT_VERSION = 3.0.1;
			};
			name = Debug;
		};
		3E73765F1C733B1E00E43AC2 /* Release */ = {
			isa = XCBuildConfiguration;
			buildSettings = {
				ALWAYS_SEARCH_USER_PATHS = NO;
				CLANG_CXX_LANGUAGE_STANDARD = "gnu++0x";
				CLANG_CXX_LIBRARY = "libc++";
				CLANG_ENABLE_MODULES = YES;
				CLANG_ENABLE_OBJC_ARC = YES;
				CLANG_WARN_BOOL_CONVERSION = YES;
				CLANG_WARN_CONSTANT_CONVERSION = YES;
				CLANG_WARN_DIRECT_OBJC_ISA_USAGE = YES_ERROR;
				CLANG_WARN_EMPTY_BODY = YES;
				CLANG_WARN_ENUM_CONVERSION = YES;
				CLANG_WARN_INFINITE_RECURSION = YES;
				CLANG_WARN_INT_CONVERSION = YES;
				CLANG_WARN_OBJC_ROOT_CLASS = YES_ERROR;
				CLANG_WARN_SUSPICIOUS_MOVE = YES;
				CLANG_WARN_UNREACHABLE_CODE = YES;
				CLANG_WARN__DUPLICATE_METHOD_MATCH = YES;
				"CODE_SIGN_IDENTITY[sdk=iphoneos*]" = "iPhone Developer";
				COPY_PHASE_STRIP = NO;
				DEBUG_INFORMATION_FORMAT = "dwarf-with-dsym";
				ENABLE_NS_ASSERTIONS = NO;
				ENABLE_STRICT_OBJC_MSGSEND = YES;
				GCC_C_LANGUAGE_STANDARD = gnu99;
				GCC_NO_COMMON_BLOCKS = YES;
				GCC_WARN_64_TO_32_BIT_CONVERSION = YES;
				GCC_WARN_ABOUT_RETURN_TYPE = YES_ERROR;
				GCC_WARN_UNDECLARED_SELECTOR = YES;
				GCC_WARN_UNINITIALIZED_AUTOS = YES_AGGRESSIVE;
				GCC_WARN_UNUSED_FUNCTION = YES;
				GCC_WARN_UNUSED_VARIABLE = YES;
				IPHONEOS_DEPLOYMENT_TARGET = 9.2;
				MTL_ENABLE_DEBUG_INFO = NO;
				SDKROOT = iphoneos;
				SWIFT_OPTIMIZATION_LEVEL = "-Owholemodule";
				SWIFT_VERSION = 3.0.1;
				VALIDATE_PRODUCT = YES;
			};
			name = Release;
		};
		3E7376611C733B1E00E43AC2 /* Debug */ = {
			isa = XCBuildConfiguration;
			baseConfigurationReference = 7DBDCF4F78FEA05501ED4314 /* Pods-ThirdEverNote.debug.xcconfig */;
			buildSettings = {
				ASSETCATALOG_COMPILER_APPICON_NAME = AppIcon;
				CODE_SIGN_IDENTITY = "iPhone Developer";
				"CODE_SIGN_IDENTITY[sdk=iphoneos*]" = "iPhone Developer";
				DEVELOPMENT_TEAM = 94F47UQTB6;
				INFOPLIST_FILE = ThirdEverNote/Info.plist;
				IPHONEOS_DEPLOYMENT_TARGET = 10.1;
				LD_RUNPATH_SEARCH_PATHS = "$(inherited) @executable_path/Frameworks";
				PRODUCT_BUNDLE_IDENTIFIER = com.litech.ThirdEverNote;
				PRODUCT_NAME = "$(TARGET_NAME)";
				PROVISIONING_PROFILE = "";
				SWIFT_VERSION = 3.0.1;
				TARGETED_DEVICE_FAMILY = 1;
			};
			name = Debug;
		};
		3E7376621C733B1E00E43AC2 /* Release */ = {
			isa = XCBuildConfiguration;
			baseConfigurationReference = C7ED95A37E14EF520467DAEA /* Pods-ThirdEverNote.release.xcconfig */;
			buildSettings = {
				ASSETCATALOG_COMPILER_APPICON_NAME = AppIcon;
				CODE_SIGN_IDENTITY = "iPhone Developer";
				"CODE_SIGN_IDENTITY[sdk=iphoneos*]" = "iPhone Developer";
				DEVELOPMENT_TEAM = 94F47UQTB6;
				INFOPLIST_FILE = ThirdEverNote/Info.plist;
				IPHONEOS_DEPLOYMENT_TARGET = 10.1;
				LD_RUNPATH_SEARCH_PATHS = "$(inherited) @executable_path/Frameworks";
				PRODUCT_BUNDLE_IDENTIFIER = com.litech.ThirdEverNote;
				PRODUCT_NAME = "$(TARGET_NAME)";
				PROVISIONING_PROFILE = "";
				SWIFT_VERSION = 3.0.1;
				TARGETED_DEVICE_FAMILY = 1;
			};
			name = Release;
		};
		3E7376641C733B1E00E43AC2 /* Debug */ = {
			isa = XCBuildConfiguration;
			baseConfigurationReference = 5C114E1BE9BA6BBE72FD785F /* Pods-ThirdEverNoteTests.debug.xcconfig */;
			buildSettings = {
				BUNDLE_LOADER = "$(TEST_HOST)";
				INFOPLIST_FILE = ThirdEverNoteTests/Info.plist;
				LD_RUNPATH_SEARCH_PATHS = "$(inherited) @executable_path/Frameworks @loader_path/Frameworks";
				PRODUCT_BUNDLE_IDENTIFIER = com.litech.ThirdEverNoteTests;
				PRODUCT_NAME = "$(TARGET_NAME)";
				TEST_HOST = "$(BUILT_PRODUCTS_DIR)/ThirdEverNote.app/ThirdEverNote";
			};
			name = Debug;
		};
		3E7376651C733B1E00E43AC2 /* Release */ = {
			isa = XCBuildConfiguration;
			baseConfigurationReference = 5492BAF64A4D1C1AA7D52D21 /* Pods-ThirdEverNoteTests.release.xcconfig */;
			buildSettings = {
				BUNDLE_LOADER = "$(TEST_HOST)";
				INFOPLIST_FILE = ThirdEverNoteTests/Info.plist;
				LD_RUNPATH_SEARCH_PATHS = "$(inherited) @executable_path/Frameworks @loader_path/Frameworks";
				PRODUCT_BUNDLE_IDENTIFIER = com.litech.ThirdEverNoteTests;
				PRODUCT_NAME = "$(TARGET_NAME)";
				TEST_HOST = "$(BUILT_PRODUCTS_DIR)/ThirdEverNote.app/ThirdEverNote";
			};
			name = Release;
		};
		3E7376671C733B1E00E43AC2 /* Debug */ = {
			isa = XCBuildConfiguration;
			baseConfigurationReference = E5C56A975E8D72A86441FB23 /* Pods-ThirdEverNoteUITests.debug.xcconfig */;
			buildSettings = {
				INFOPLIST_FILE = ThirdEverNoteUITests/Info.plist;
				LD_RUNPATH_SEARCH_PATHS = "$(inherited) @executable_path/Frameworks @loader_path/Frameworks";
				PRODUCT_BUNDLE_IDENTIFIER = com.litech.ThirdEverNoteUITests;
				PRODUCT_NAME = "$(TARGET_NAME)";
				TEST_TARGET_NAME = ThirdEverNote;
				USES_XCTRUNNER = YES;
			};
			name = Debug;
		};
		3E7376681C733B1E00E43AC2 /* Release */ = {
			isa = XCBuildConfiguration;
			baseConfigurationReference = C1FD1CB46919BBCCB30485D7 /* Pods-ThirdEverNoteUITests.release.xcconfig */;
			buildSettings = {
				INFOPLIST_FILE = ThirdEverNoteUITests/Info.plist;
				LD_RUNPATH_SEARCH_PATHS = "$(inherited) @executable_path/Frameworks @loader_path/Frameworks";
				PRODUCT_BUNDLE_IDENTIFIER = com.litech.ThirdEverNoteUITests;
				PRODUCT_NAME = "$(TARGET_NAME)";
				TEST_TARGET_NAME = ThirdEverNote;
				USES_XCTRUNNER = YES;
			};
			name = Release;
		};
/* End XCBuildConfiguration section */

/* Begin XCConfigurationList section */
		3E7376331C733B1E00E43AC2 /* Build configuration list for PBXProject "ThirdEverNote" */ = {
			isa = XCConfigurationList;
			buildConfigurations = (
				3E73765E1C733B1E00E43AC2 /* Debug */,
				3E73765F1C733B1E00E43AC2 /* Release */,
			);
			defaultConfigurationIsVisible = 0;
			defaultConfigurationName = Release;
		};
		3E7376601C733B1E00E43AC2 /* Build configuration list for PBXNativeTarget "ThirdEverNote" */ = {
			isa = XCConfigurationList;
			buildConfigurations = (
				3E7376611C733B1E00E43AC2 /* Debug */,
				3E7376621C733B1E00E43AC2 /* Release */,
			);
			defaultConfigurationIsVisible = 0;
			defaultConfigurationName = Release;
		};
		3E7376631C733B1E00E43AC2 /* Build configuration list for PBXNativeTarget "ThirdEverNoteTests" */ = {
			isa = XCConfigurationList;
			buildConfigurations = (
				3E7376641C733B1E00E43AC2 /* Debug */,
				3E7376651C733B1E00E43AC2 /* Release */,
			);
			defaultConfigurationIsVisible = 0;
			defaultConfigurationName = Release;
		};
		3E7376661C733B1E00E43AC2 /* Build configuration list for PBXNativeTarget "ThirdEverNoteUITests" */ = {
			isa = XCConfigurationList;
			buildConfigurations = (
				3E7376671C733B1E00E43AC2 /* Debug */,
				3E7376681C733B1E00E43AC2 /* Release */,
			);
			defaultConfigurationIsVisible = 0;
			defaultConfigurationName = Release;
		};
/* End XCConfigurationList section */
	};
	rootObject = 3E7376301C733B1E00E43AC2 /* Project object */;
}
